
Microsoft Visual Studio Solution File, Format Version 12.00
# Visual Studio 15
VisualStudioVersion = 15.0.27004.2002
MinimumVisualStudioVersion = 10.0.40219.1
Project("{9A19103F-16F7-4668-BE54-9A1E7A4F7556}") = "AsmToBytes", "AsmToBytes\AsmToBytes.csproj", "{09C1BA4E-CF80-48F8-BA58-07C1F15EC12E}"
EndProject
Project("{9A19103F-16F7-4668-BE54-9A1E7A4F7556}") = "GrEmit", "GrEmit\GrEmit.csproj", "{9D33C46B-7413-4568-B37E-F03CB2F49D37}"
EndProject
Project("{9A19103F-16F7-4668-BE54-9A1E7A4F7556}") = "GrEmit.Tests", "GrEmit.Tests\GrEmit.Tests.csproj", "{FA3769F0-39AD-4413-BA0E-B45A116EA957}"
EndProject
Global
	GlobalSection(SolutionConfigurationPlatforms) = preSolution
		Debug|Any CPU = Debug|Any CPU
		Release|Any CPU = Release|Any CPU
	EndGlobalSection
	GlobalSection(ProjectConfigurationPlatforms) = postSolution
		{09C1BA4E-CF80-48F8-BA58-07C1F15EC12E}.Debug|Any CPU.ActiveCfg = Debug|Any CPU
		{09C1BA4E-CF80-48F8-BA58-07C1F15EC12E}.Debug|Any CPU.Build.0 = Debug|Any CPU
		{09C1BA4E-CF80-48F8-BA58-07C1F15EC12E}.Release|Any CPU.ActiveCfg = Release|Any CPU
		{09C1BA4E-CF80-48F8-BA58-07C1F15EC12E}.Release|Any CPU.Build.0 = Release|Any CPU
		{9D33C46B-7413-4568-B37E-F03CB2F49D37}.Debug|Any CPU.ActiveCfg = Debug|Any CPU
		{9D33C46B-7413-4568-B37E-F03CB2F49D37}.Debug|Any CPU.Build.0 = Debug|Any CPU
		{9D33C46B-7413-4568-B37E-F03CB2F49D37}.Release|Any CPU.ActiveCfg = Release|Any CPU
		{9D33C46B-7413-4568-B37E-F03CB2F49D37}.Release|Any CPU.Build.0 = Release|Any CPU
		{FA3769F0-39AD-4413-BA0E-B45A116EA957}.Debug|Any CPU.ActiveCfg = Debug|Any CPU
		{FA3769F0-39AD-4413-BA0E-B45A116EA957}.Debug|Any CPU.Build.0 = Debug|Any CPU
		{FA3769F0-39AD-4413-BA0E-B45A116EA957}.Release|Any CPU.ActiveCfg = Release|Any CPU
		{FA3769F0-39AD-4413-BA0E-B45A116EA957}.Release|Any CPU.Build.0 = Release|Any CPU
	EndGlobalSection
	GlobalSection(SolutionProperties) = preSolution
		HideSolutionNode = FALSE
	EndGlobalSection
	GlobalSection(ExtensibilityGlobals) = postSolution
		SolutionGuid = {9C5B0E2F-D2A9-4326-84A0-30A7D0FFE32C}
	EndGlobalSection
EndGlobal
